// !$*UTF8*$!
{
	archiveVersion = 1;
	classes = {
	};
	objectVersion = 46;
	objects = {

/* Begin PBXBuildFile section */
		36B5C7EB789BDCE0132BA97C /* Pods_MobilizeBoxEditor.framework in Frameworks */ = {isa = PBXBuildFile; fileRef = D1ED5FDB17F44FBAB52F8FBE /* Pods_MobilizeBoxEditor.framework */; };
		9072D8A81D7022EF009CF372 /* AppDelegate.swift in Sources */ = {isa = PBXBuildFile; fileRef = 9072D8A71D7022EF009CF372 /* AppDelegate.swift */; };
		9072D8AA1D7022EF009CF372 /* ViewController.swift in Sources */ = {isa = PBXBuildFile; fileRef = 9072D8A91D7022EF009CF372 /* ViewController.swift */; };
		9072D8AD1D7022EF009CF372 /* Main.storyboard in Resources */ = {isa = PBXBuildFile; fileRef = 9072D8AB1D7022EF009CF372 /* Main.storyboard */; };
		9072D8AF1D7022EF009CF372 /* Assets.xcassets in Resources */ = {isa = PBXBuildFile; fileRef = 9072D8AE1D7022EF009CF372 /* Assets.xcassets */; };
		9072D8B21D7022EF009CF372 /* LaunchScreen.storyboard in Resources */ = {isa = PBXBuildFile; fileRef = 9072D8B01D7022EF009CF372 /* LaunchScreen.storyboard */; };
		9072D8BD1D7022EF009CF372 /* MobilizeBoxEditorTests.swift in Sources */ = {isa = PBXBuildFile; fileRef = 9072D8BC1D7022EF009CF372 /* MobilizeBoxEditorTests.swift */; };
		9072D8C81D702491009CF372 /* ComposeBoxVC.swift in Sources */ = {isa = PBXBuildFile; fileRef = 9072D8C71D702491009CF372 /* ComposeBoxVC.swift */; };
		9072D8CA1D70332F009CF372 /* KeyBoardEditingView.swift in Sources */ = {isa = PBXBuildFile; fileRef = 9072D8C91D70332F009CF372 /* KeyBoardEditingView.swift */; };
		9072D8D01D70373A009CF372 /* KeyBoardSpaceProtocol.swift in Sources */ = {isa = PBXBuildFile; fileRef = 9072D8CF1D70373A009CF372 /* KeyBoardSpaceProtocol.swift */; };
		9C8AF69488EC2748145E4BEC /* Pods_MobilizeBoxEditorTests.framework in Frameworks */ = {isa = PBXBuildFile; fileRef = A51D20504AA3D7301E7CE4A3 /* Pods_MobilizeBoxEditorTests.framework */; };
/* End PBXBuildFile section */

/* Begin PBXContainerItemProxy section */
		9072D8B91D7022EF009CF372 /* PBXContainerItemProxy */ = {
			isa = PBXContainerItemProxy;
			containerPortal = 9072D89C1D7022EF009CF372 /* Project object */;
			proxyType = 1;
			remoteGlobalIDString = 9072D8A31D7022EF009CF372;
			remoteInfo = MobilizeBoxEditor;
		};
/* End PBXContainerItemProxy section */

/* Begin PBXFileReference section */
		455CA0558B32EFFC4AE69EBE /* Pods-MobilizeBoxEditorTests.debug.xcconfig */ = {isa = PBXFileReference; includeInIndex = 1; lastKnownFileType = text.xcconfig; name = "Pods-MobilizeBoxEditorTests.debug.xcconfig"; path = "Pods/Target Support Files/Pods-MobilizeBoxEditorTests/Pods-MobilizeBoxEditorTests.debug.xcconfig"; sourceTree = "<group>"; };
		9072D8A41D7022EF009CF372 /* MobilizeBoxEditor.app */ = {isa = PBXFileReference; explicitFileType = wrapper.application; includeInIndex = 0; path = MobilizeBoxEditor.app; sourceTree = BUILT_PRODUCTS_DIR; };
		9072D8A71D7022EF009CF372 /* AppDelegate.swift */ = {isa = PBXFileReference; lastKnownFileType = sourcecode.swift; path = AppDelegate.swift; sourceTree = "<group>"; };
		9072D8A91D7022EF009CF372 /* ViewController.swift */ = {isa = PBXFileReference; lastKnownFileType = sourcecode.swift; path = ViewController.swift; sourceTree = "<group>"; };
		9072D8AC1D7022EF009CF372 /* Base */ = {isa = PBXFileReference; lastKnownFileType = file.storyboard; name = Base; path = Base.lproj/Main.storyboard; sourceTree = "<group>"; };
		9072D8AE1D7022EF009CF372 /* Assets.xcassets */ = {isa = PBXFileReference; lastKnownFileType = folder.assetcatalog; path = Assets.xcassets; sourceTree = "<group>"; };
		9072D8B11D7022EF009CF372 /* Base */ = {isa = PBXFileReference; lastKnownFileType = file.storyboard; name = Base; path = Base.lproj/LaunchScreen.storyboard; sourceTree = "<group>"; };
		9072D8B31D7022EF009CF372 /* Info.plist */ = {isa = PBXFileReference; lastKnownFileType = text.plist.xml; path = Info.plist; sourceTree = "<group>"; };
		9072D8B81D7022EF009CF372 /* MobilizeBoxEditorTests.xctest */ = {isa = PBXFileReference; explicitFileType = wrapper.cfbundle; includeInIndex = 0; path = MobilizeBoxEditorTests.xctest; sourceTree = BUILT_PRODUCTS_DIR; };
		9072D8BC1D7022EF009CF372 /* MobilizeBoxEditorTests.swift */ = {isa = PBXFileReference; lastKnownFileType = sourcecode.swift; path = MobilizeBoxEditorTests.swift; sourceTree = "<group>"; };
		9072D8BE1D7022EF009CF372 /* Info.plist */ = {isa = PBXFileReference; lastKnownFileType = text.plist.xml; path = Info.plist; sourceTree = "<group>"; };
		9072D8C71D702491009CF372 /* ComposeBoxVC.swift */ = {isa = PBXFileReference; fileEncoding = 4; lastKnownFileType = sourcecode.swift; path = ComposeBoxVC.swift; sourceTree = "<group>"; };
		9072D8C91D70332F009CF372 /* KeyBoardEditingView.swift */ = {isa = PBXFileReference; fileEncoding = 4; lastKnownFileType = sourcecode.swift; path = KeyBoardEditingView.swift; sourceTree = "<group>"; };
		9072D8CF1D70373A009CF372 /* KeyBoardSpaceProtocol.swift */ = {isa = PBXFileReference; fileEncoding = 4; lastKnownFileType = sourcecode.swift; path = KeyBoardSpaceProtocol.swift; sourceTree = "<group>"; };
		A282A7A56D69C45277F9EA9E /* Pods-MobilizeBoxEditorTests.release.xcconfig */ = {isa = PBXFileReference; includeInIndex = 1; lastKnownFileType = text.xcconfig; name = "Pods-MobilizeBoxEditorTests.release.xcconfig"; path = "Pods/Target Support Files/Pods-MobilizeBoxEditorTests/Pods-MobilizeBoxEditorTests.release.xcconfig"; sourceTree = "<group>"; };
		A51D20504AA3D7301E7CE4A3 /* Pods_MobilizeBoxEditorTests.framework */ = {isa = PBXFileReference; explicitFileType = wrapper.framework; includeInIndex = 0; path = Pods_MobilizeBoxEditorTests.framework; sourceTree = BUILT_PRODUCTS_DIR; };
		D1ED5FDB17F44FBAB52F8FBE /* Pods_MobilizeBoxEditor.framework */ = {isa = PBXFileReference; explicitFileType = wrapper.framework; includeInIndex = 0; path = Pods_MobilizeBoxEditor.framework; sourceTree = BUILT_PRODUCTS_DIR; };
		E267E608D418FA3DBC40A243 /* Pods-MobilizeBoxEditor.debug.xcconfig */ = {isa = PBXFileReference; includeInIndex = 1; lastKnownFileType = text.xcconfig; name = "Pods-MobilizeBoxEditor.debug.xcconfig"; path = "Pods/Target Support Files/Pods-MobilizeBoxEditor/Pods-MobilizeBoxEditor.debug.xcconfig"; sourceTree = "<group>"; };
		FABD284B74F86FDFC9BB6C44 /* Pods-MobilizeBoxEditor.release.xcconfig */ = {isa = PBXFileReference; includeInIndex = 1; lastKnownFileType = text.xcconfig; name = "Pods-MobilizeBoxEditor.release.xcconfig"; path = "Pods/Target Support Files/Pods-MobilizeBoxEditor/Pods-MobilizeBoxEditor.release.xcconfig"; sourceTree = "<group>"; };
/* End PBXFileReference section */

/* Begin PBXFrameworksBuildPhase section */
		9072D8A11D7022EF009CF372 /* Frameworks */ = {
			isa = PBXFrameworksBuildPhase;
			buildActionMask = 2147483647;
			files = (
				36B5C7EB789BDCE0132BA97C /* Pods_MobilizeBoxEditor.framework in Frameworks */,
			);
			runOnlyForDeploymentPostprocessing = 0;
		};
		9072D8B51D7022EF009CF372 /* Frameworks */ = {
			isa = PBXFrameworksBuildPhase;
			buildActionMask = 2147483647;
			files = (
				9C8AF69488EC2748145E4BEC /* Pods_MobilizeBoxEditorTests.framework in Frameworks */,
			);
			runOnlyForDeploymentPostprocessing = 0;
		};
/* End PBXFrameworksBuildPhase section */

/* Begin PBXGroup section */
		9072D89B1D7022EF009CF372 = {
			isa = PBXGroup;
			children = (
				9072D8A61D7022EF009CF372 /* MobilizeBoxEditor */,
				9072D8BB1D7022EF009CF372 /* MobilizeBoxEditorTests */,
				9072D8A51D7022EF009CF372 /* Products */,
				B7BAFC88FDF28BF23C625287 /* Pods */,
				C3995388B2B41BE4FB759513 /* Frameworks */,
			);
			sourceTree = "<group>";
		};
		9072D8A51D7022EF009CF372 /* Products */ = {
			isa = PBXGroup;
			children = (
				9072D8A41D7022EF009CF372 /* MobilizeBoxEditor.app */,
				9072D8B81D7022EF009CF372 /* MobilizeBoxEditorTests.xctest */,
			);
			name = Products;
			sourceTree = "<group>";
		};
		9072D8A61D7022EF009CF372 /* MobilizeBoxEditor */ = {
			isa = PBXGroup;
			children = (
				9072D8CE1D70372A009CF372 /* Protocols */,
				9072D8CB1D703338009CF372 /* ComposeBox */,
				9072D8A71D7022EF009CF372 /* AppDelegate.swift */,
				9072D8A91D7022EF009CF372 /* ViewController.swift */,
				9072D8AB1D7022EF009CF372 /* Main.storyboard */,
				9072D8AE1D7022EF009CF372 /* Assets.xcassets */,
				9072D8B01D7022EF009CF372 /* LaunchScreen.storyboard */,
				9072D8B31D7022EF009CF372 /* Info.plist */,
			);
			path = MobilizeBoxEditor;
			sourceTree = "<group>";
		};
		9072D8BB1D7022EF009CF372 /* MobilizeBoxEditorTests */ = {
			isa = PBXGroup;
			children = (
				9072D8BC1D7022EF009CF372 /* MobilizeBoxEditorTests.swift */,
				9072D8BE1D7022EF009CF372 /* Info.plist */,
			);
			path = MobilizeBoxEditorTests;
			sourceTree = "<group>";
		};
		9072D8CB1D703338009CF372 /* ComposeBox */ = {
			isa = PBXGroup;
			children = (
				9072D8C71D702491009CF372 /* ComposeBoxVC.swift */,
				9072D8C91D70332F009CF372 /* KeyBoardEditingView.swift */,
			);
			name = ComposeBox;
			sourceTree = "<group>";
		};
		9072D8CE1D70372A009CF372 /* Protocols */ = {
			isa = PBXGroup;
			children = (
				9072D8CF1D70373A009CF372 /* KeyBoardSpaceProtocol.swift */,
			);
			name = Protocols;
			sourceTree = "<group>";
		};
		B7BAFC88FDF28BF23C625287 /* Pods */ = {
			isa = PBXGroup;
			children = (
				E267E608D418FA3DBC40A243 /* Pods-MobilizeBoxEditor.debug.xcconfig */,
				FABD284B74F86FDFC9BB6C44 /* Pods-MobilizeBoxEditor.release.xcconfig */,
				455CA0558B32EFFC4AE69EBE /* Pods-MobilizeBoxEditorTests.debug.xcconfig */,
				A282A7A56D69C45277F9EA9E /* Pods-MobilizeBoxEditorTests.release.xcconfig */,
			);
			name = Pods;
			sourceTree = "<group>";
		};
		C3995388B2B41BE4FB759513 /* Frameworks */ = {
			isa = PBXGroup;
			children = (
				D1ED5FDB17F44FBAB52F8FBE /* Pods_MobilizeBoxEditor.framework */,
				A51D20504AA3D7301E7CE4A3 /* Pods_MobilizeBoxEditorTests.framework */,
			);
			name = Frameworks;
			sourceTree = "<group>";
		};
/* End PBXGroup section */

/* Begin PBXNativeTarget section */
		9072D8A31D7022EF009CF372 /* MobilizeBoxEditor */ = {
			isa = PBXNativeTarget;
			buildConfigurationList = 9072D8C11D7022EF009CF372 /* Build configuration list for PBXNativeTarget "MobilizeBoxEditor" */;
			buildPhases = (
				5E09EEA5C8798D33E1ED7EF6 /* [CP] Check Pods Manifest.lock */,
				9072D8A01D7022EF009CF372 /* Sources */,
				9072D8A11D7022EF009CF372 /* Frameworks */,
				9072D8A21D7022EF009CF372 /* Resources */,
				41D9ED32A4F81DB43A6B4069 /* [CP] Embed Pods Frameworks */,
				6091EA7607698FA3EC5284AC /* [CP] Copy Pods Resources */,
			);
			buildRules = (
			);
			dependencies = (
			);
			name = MobilizeBoxEditor;
			productName = MobilizeBoxEditor;
			productReference = 9072D8A41D7022EF009CF372 /* MobilizeBoxEditor.app */;
			productType = "com.apple.product-type.application";
		};
		9072D8B71D7022EF009CF372 /* MobilizeBoxEditorTests */ = {
			isa = PBXNativeTarget;
			buildConfigurationList = 9072D8C41D7022EF009CF372 /* Build configuration list for PBXNativeTarget "MobilizeBoxEditorTests" */;
			buildPhases = (
				0E3C847C1677FB16DCFBB53E /* [CP] Check Pods Manifest.lock */,
				9072D8B41D7022EF009CF372 /* Sources */,
				9072D8B51D7022EF009CF372 /* Frameworks */,
				9072D8B61D7022EF009CF372 /* Resources */,
				D92E8A25F45ED17A935C0B1B /* [CP] Embed Pods Frameworks */,
				ADF54404D61CCFB3CB4C752D /* [CP] Copy Pods Resources */,
			);
			buildRules = (
			);
			dependencies = (
				9072D8BA1D7022EF009CF372 /* PBXTargetDependency */,
			);
			name = MobilizeBoxEditorTests;
			productName = MobilizeBoxEditorTests;
			productReference = 9072D8B81D7022EF009CF372 /* MobilizeBoxEditorTests.xctest */;
			productType = "com.apple.product-type.bundle.unit-test";
		};
/* End PBXNativeTarget section */

/* Begin PBXProject section */
		9072D89C1D7022EF009CF372 /* Project object */ = {
			isa = PBXProject;
			attributes = {
				LastSwiftUpdateCheck = 0730;
				LastUpgradeCheck = 0730;
				ORGANIZATIONNAME = MACMatan;
				TargetAttributes = {
					9072D8A31D7022EF009CF372 = {
						CreatedOnToolsVersion = 7.3;
					};
					9072D8B71D7022EF009CF372 = {
						CreatedOnToolsVersion = 7.3;
						TestTargetID = 9072D8A31D7022EF009CF372;
					};
				};
			};
			buildConfigurationList = 9072D89F1D7022EF009CF372 /* Build configuration list for PBXProject "MobilizeBoxEditor" */;
			compatibilityVersion = "Xcode 3.2";
			developmentRegion = English;
			hasScannedForEncodings = 0;
			knownRegions = (
				en,
				Base,
			);
			mainGroup = 9072D89B1D7022EF009CF372;
			productRefGroup = 9072D8A51D7022EF009CF372 /* Products */;
			projectDirPath = "";
			projectRoot = "";
			targets = (
				9072D8A31D7022EF009CF372 /* MobilizeBoxEditor */,
				9072D8B71D7022EF009CF372 /* MobilizeBoxEditorTests */,
			);
		};
/* End PBXProject section */

/* Begin PBXResourcesBuildPhase section */
		9072D8A21D7022EF009CF372 /* Resources */ = {
			isa = PBXResourcesBuildPhase;
			buildActionMask = 2147483647;
			files = (
				9072D8B21D7022EF009CF372 /* LaunchScreen.storyboard in Resources */,
				9072D8AF1D7022EF009CF372 /* Assets.xcassets in Resources */,
				9072D8AD1D7022EF009CF372 /* Main.storyboard in Resources */,
			);
			runOnlyForDeploymentPostprocessing = 0;
		};
		9072D8B61D7022EF009CF372 /* Resources */ = {
			isa = PBXResourcesBuildPhase;
			buildActionMask = 2147483647;
			files = (
			);
			runOnlyForDeploymentPostprocessing = 0;
		};
/* End PBXResourcesBuildPhase section */

/* Begin PBXShellScriptBuildPhase section */
		0E3C847C1677FB16DCFBB53E /* [CP] Check Pods Manifest.lock */ = {
			isa = PBXShellScriptBuildPhase;
			buildActionMask = 2147483647;
			files = (
			);
			inputPaths = (
			);
			name = "[CP] Check Pods Manifest.lock";
			outputPaths = (
			);
			runOnlyForDeploymentPostprocessing = 0;
			shellPath = /bin/sh;
			shellScript = "diff \"${PODS_ROOT}/../Podfile.lock\" \"${PODS_ROOT}/Manifest.lock\" > /dev/null\nif [[ $? != 0 ]] ; then\n    cat << EOM\nerror: The sandbox is not in sync with the Podfile.lock. Run 'pod install' or update your CocoaPods installation.\nEOM\n    exit 1\nfi\n";
			showEnvVarsInLog = 0;
		};
		41D9ED32A4F81DB43A6B4069 /* [CP] Embed Pods Frameworks */ = {
			isa = PBXShellScriptBuildPhase;
			buildActionMask = 2147483647;
			files = (
			);
			inputPaths = (
			);
			name = "[CP] Embed Pods Frameworks";
			outputPaths = (
			);
			runOnlyForDeploymentPostprocessing = 0;
			shellPath = /bin/sh;
			shellScript = "\"${SRCROOT}/Pods/Target Support Files/Pods-MobilizeBoxEditor/Pods-MobilizeBoxEditor-frameworks.sh\"\n";
			showEnvVarsInLog = 0;
		};
		5E09EEA5C8798D33E1ED7EF6 /* [CP] Check Pods Manifest.lock */ = {
			isa = PBXShellScriptBuildPhase;
			buildActionMask = 2147483647;
			files = (
			);
			inputPaths = (
			);
			name = "[CP] Check Pods Manifest.lock";
			outputPaths = (
			);
			runOnlyForDeploymentPostprocessing = 0;
			shellPath = /bin/sh;
			shellScript = "diff \"${PODS_ROOT}/../Podfile.lock\" \"${PODS_ROOT}/Manifest.lock\" > /dev/null\nif [[ $? != 0 ]] ; then\n    cat << EOM\nerror: The sandbox is not in sync with the Podfile.lock. Run 'pod install' or update your CocoaPods installation.\nEOM\n    exit 1\nfi\n";
			showEnvVarsInLog = 0;
		};
		6091EA7607698FA3EC5284AC /* [CP] Copy Pods Resources */ = {
			isa = PBXShellScriptBuildPhase;
			buildActionMask = 2147483647;
			files = (
			);
			inputPaths = (
			);
			name = "[CP] Copy Pods Resources";
			outputPaths = (
			);
			runOnlyForDeploymentPostprocessing = 0;
			shellPath = /bin/sh;
			shellScript = "\"${SRCROOT}/Pods/Target Support Files/Pods-MobilizeBoxEditor/Pods-MobilizeBoxEditor-resources.sh\"\n";
			showEnvVarsInLog = 0;
		};
		ADF54404D61CCFB3CB4C752D /* [CP] Copy Pods Resources */ = {
			isa = PBXShellScriptBuildPhase;
			buildActionMask = 2147483647;
			files = (
			);
			inputPaths = (
			);
			name = "[CP] Copy Pods Resources";
			outputPaths = (
			);
			runOnlyForDeploymentPostprocessing = 0;
			shellPath = /bin/sh;
			shellScript = "\"${SRCROOT}/Pods/Target Support Files/Pods-MobilizeBoxEditorTests/Pods-MobilizeBoxEditorTests-resources.sh\"\n";
			showEnvVarsInLog = 0;
		};
		D92E8A25F45ED17A935C0B1B /* [CP] Embed Pods Frameworks */ = {
			isa = PBXShellScriptBuildPhase;
			buildActionMask = 2147483647;
			files = (
			);
			inputPaths = (
			);
			name = "[CP] Embed Pods Frameworks";
			outputPaths = (
			);
			runOnlyForDeploymentPostprocessing = 0;
			shellPath = /bin/sh;
			shellScript = "\"${SRCROOT}/Pods/Target Support Files/Pods-MobilizeBoxEditorTests/Pods-MobilizeBoxEditorTests-frameworks.sh\"\n";
			showEnvVarsInLog = 0;
		};
/* End PBXShellScriptBuildPhase section */

/* Begin PBXSourcesBuildPhase section */
		9072D8A01D7022EF009CF372 /* Sources */ = {
			isa = PBXSourcesBuildPhase;
			buildActionMask = 2147483647;
			files = (
				9072D8CA1D70332F009CF372 /* KeyBoardEditingView.swift in Sources */,
				9072D8D01D70373A009CF372 /* KeyBoardSpaceProtocol.swift in Sources */,
				9072D8AA1D7022EF009CF372 /* ViewController.swift in Sources */,
				9072D8C81D702491009CF372 /* ComposeBoxVC.swift in Sources */,
				9072D8A81D7022EF009CF372 /* AppDelegate.swift in Sources */,
			);
			runOnlyForDeploymentPostprocessing = 0;
		};
		9072D8B41D7022EF009CF372 /* Sources */ = {
			isa = PBXSourcesBuildPhase;
			buildActionMask = 2147483647;
			files = (
				9072D8BD1D7022EF009CF372 /* MobilizeBoxEditorTests.swift in Sources */,
			);
			runOnlyForDeploymentPostprocessing = 0;
		};
/* End PBXSourcesBuildPhase section */

/* Begin PBXTargetDependency section */
		9072D8BA1D7022EF009CF372 /* PBXTargetDependency */ = {
			isa = PBXTargetDependency;
			target = 9072D8A31D7022EF009CF372 /* MobilizeBoxEditor */;
			targetProxy = 9072D8B91D7022EF009CF372 /* PBXContainerItemProxy */;
		};
/* End PBXTargetDependency section */

/* Begin PBXVariantGroup section */
		9072D8AB1D7022EF009CF372 /* Main.storyboard */ = {
			isa = PBXVariantGroup;
			children = (
				9072D8AC1D7022EF009CF372 /* Base */,
			);
			name = Main.storyboard;
			sourceTree = "<group>";
		};
		9072D8B01D7022EF009CF372 /* LaunchScreen.storyboard */ = {
			isa = PBXVariantGroup;
			children = (
				9072D8B11D7022EF009CF372 /* Base */,
			);
			name = LaunchScreen.storyboard;
			sourceTree = "<group>";
		};
/* End PBXVariantGroup section */

/* Begin XCBuildConfiguration section */
		9072D8BF1D7022EF009CF372 /* Debug */ = {
			isa = XCBuildConfiguration;
			buildSettings = {
				ALWAYS_SEARCH_USER_PATHS = NO;
				CLANG_ANALYZER_NONNULL = YES;
				CLANG_CXX_LANGUAGE_STANDARD = "gnu++0x";
				CLANG_CXX_LIBRARY = "libc++";
				CLANG_ENABLE_MODULES = YES;
				CLANG_ENABLE_OBJC_ARC = YES;
				CLANG_WARN_BOOL_CONVERSION = YES;
				CLANG_WARN_CONSTANT_CONVERSION = YES;
				CLANG_WARN_DIRECT_OBJC_ISA_USAGE = YES_ERROR;
				CLANG_WARN_EMPTY_BODY = YES;
				CLANG_WARN_ENUM_CONVERSION = YES;
				CLANG_WARN_INT_CONVERSION = YES;
				CLANG_WARN_OBJC_ROOT_CLASS = YES_ERROR;
				CLANG_WARN_UNREACHABLE_CODE = YES;
				CLANG_WARN__DUPLICATE_METHOD_MATCH = YES;
				"CODE_SIGN_IDENTITY[sdk=iphoneos*]" = "iPhone Developer";
				COPY_PHASE_STRIP = NO;
				DEBUG_INFORMATION_FORMAT = dwarf;
				ENABLE_STRICT_OBJC_MSGSEND = YES;
				ENABLE_TESTABILITY = YES;
				GCC_C_LANGUAGE_STANDARD = gnu99;
				GCC_DYNAMIC_NO_PIC = NO;
				GCC_NO_COMMON_BLOCKS = YES;
				GCC_OPTIMIZATION_LEVEL = 0;
				GCC_PREPROCESSOR_DEFINITIONS = (
					"DEBUG=1",
					"$(inherited)",
				);
				GCC_WARN_64_TO_32_BIT_CONVERSION = YES;
				GCC_WARN_ABOUT_RETURN_TYPE = YES_ERROR;
				GCC_WARN_UNDECLARED_SELECTOR = YES;
				GCC_WARN_UNINITIALIZED_AUTOS = YES_AGGRESSIVE;
				GCC_WARN_UNUSED_FUNCTION = YES;
				GCC_WARN_UNUSED_VARIABLE = YES;
				IPHONEOS_DEPLOYMENT_TARGET = 9.3;
				MTL_ENABLE_DEBUG_INFO = YES;
				ONLY_ACTIVE_ARCH = YES;
				SDKROOT = iphoneos;
				SWIFT_OPTIMIZATION_LEVEL = "-Onone";
			};
			name = Debug;
		};
		9072D8C01D7022EF009CF372 /* Release */ = {
			isa = XCBuildConfiguration;
			buildSettings = {
				ALWAYS_SEARCH_USER_PATHS = NO;
				CLANG_ANALYZER_NONNULL = YES;
				CLANG_CXX_LANGUAGE_STANDARD = "gnu++0x";
				CLANG_CXX_LIBRARY = "libc++";
				CLANG_ENABLE_MODULES = YES;
				CLANG_ENABLE_OBJC_ARC = YES;
				CLANG_WARN_BOOL_CONVERSION = YES;
				CLANG_WARN_CONSTANT_CONVERSION = YES;
				CLANG_WARN_DIRECT_OBJC_ISA_USAGE = YES_ERROR;
				CLANG_WARN_EMPTY_BODY = YES;
				CLANG_WARN_ENUM_CONVERSION = YES;
				CLANG_WARN_INT_CONVERSION = YES;
				CLANG_WARN_OBJC_ROOT_CLASS = YES_ERROR;
				CLANG_WARN_UNREACHABLE_CODE = YES;
				CLANG_WARN__DUPLICATE_METHOD_MATCH = YES;
				"CODE_SIGN_IDENTITY[sdk=iphoneos*]" = "iPhone Developer";
				COPY_PHASE_STRIP = NO;
				DEBUG_INFORMATION_FORMAT = "dwarf-with-dsym";
				ENABLE_NS_ASSERTIONS = NO;
				ENABLE_STRICT_OBJC_MSGSEND = YES;
				GCC_C_LANGUAGE_STANDARD = gnu99;
				GCC_NO_COMMON_BLOCKS = YES;
				GCC_WARN_64_TO_32_BIT_CONVERSION = YES;
				GCC_WARN_ABOUT_RETURN_TYPE = YES_ERROR;
				GCC_WARN_UNDECLARED_SELECTOR = YES;
				GCC_WARN_UNINITIALIZED_AUTOS = YES_AGGRESSIVE;
				GCC_WARN_UNUSED_FUNCTION = YES;
				GCC_WARN_UNUSED_VARIABLE = YES;
				IPHONEOS_DEPLOYMENT_TARGET = 9.3;
				MTL_ENABLE_DEBUG_INFO = NO;
				SDKROOT = iphoneos;
				VALIDATE_PRODUCT = YES;
			};
			name = Release;
		};
		9072D8C21D7022EF009CF372 /* Debug */ = {
			isa = XCBuildConfiguration;
			baseConfigurationReference = E267E608D418FA3DBC40A243 /* Pods-MobilizeBoxEditor.debug.xcconfig */;
			buildSettings = {
				ASSETCATALOG_COMPILER_APPICON_NAME = AppIcon;
				INFOPLIST_FILE = MobilizeBoxEditor/Info.plist;
				LD_RUNPATH_SEARCH_PATHS = "$(inherited) @executable_path/Frameworks";
				PRODUCT_BUNDLE_IDENTIFIER = com.MACApps.com.MobilizeBoxEditor;
				PRODUCT_NAME = "$(TARGET_NAME)";
			};
			name = Debug;
		};
		9072D8C31D7022EF009CF372 /* Release */ = {
			isa = XCBuildConfiguration;
			baseConfigurationReference = FABD284B74F86FDFC9BB6C44 /* Pods-MobilizeBoxEditor.release.xcconfig */;
			buildSettings = {
				ASSETCATALOG_COMPILER_APPICON_NAME = AppIcon;
				INFOPLIST_FILE = MobilizeBoxEditor/Info.plist;
				LD_RUNPATH_SEARCH_PATHS = "$(inherited) @executable_path/Frameworks";
				PRODUCT_BUNDLE_IDENTIFIER = com.MACApps.com.MobilizeBoxEditor;
				PRODUCT_NAME = "$(TARGET_NAME)";
			};
			name = Release;
		};
		9072D8C51D7022EF009CF372 /* Debug */ = {
			isa = XCBuildConfiguration;
			baseConfigurationReference = 455CA0558B32EFFC4AE69EBE /* Pods-MobilizeBoxEditorTests.debug.xcconfig */;
			buildSettings = {
				BUNDLE_LOADER = "$(TEST_HOST)";
				INFOPLIST_FILE = MobilizeBoxEditorTests/Info.plist;
				LD_RUNPATH_SEARCH_PATHS = "$(inherited) @executable_path/Frameworks @loader_path/Frameworks";
				PRODUCT_BUNDLE_IDENTIFIER = com.MACApps.com.MobilizeBoxEditorTests;
				PRODUCT_NAME = "$(TARGET_NAME)";
				TEST_HOST = "$(BUILT_PRODUCTS_DIR)/MobilizeBoxEditor.app/MobilizeBoxEditor";
			};
			name = Debug;
		};
		9072D8C61D7022EF009CF372 /* Release */ = {
			isa = XCBuildConfiguration;
			baseConfigurationReference = A282A7A56D69C45277F9EA9E /* Pods-MobilizeBoxEditorTests.release.xcconfig */;
			buildSettings = {
				BUNDLE_LOADER = "$(TEST_HOST)";
				INFOPLIST_FILE = MobilizeBoxEditorTests/Info.plist;
				LD_RUNPATH_SEARCH_PATHS = "$(inherited) @executable_path/Frameworks @loader_path/Frameworks";
				PRODUCT_BUNDLE_IDENTIFIER = com.MACApps.com.MobilizeBoxEditorTests;
				PRODUCT_NAME = "$(TARGET_NAME)";
				TEST_HOST = "$(BUILT_PRODUCTS_DIR)/MobilizeBoxEditor.app/MobilizeBoxEditor";
			};
			name = Release;
		};
/* End XCBuildConfiguration section */

/* Begin XCConfigurationList section */
		9072D89F1D7022EF009CF372 /* Build configuration list for PBXProject "MobilizeBoxEditor" */ = {
			isa = XCConfigurationList;
			buildConfigurations = (
				9072D8BF1D7022EF009CF372 /* Debug */,
				9072D8C01D7022EF009CF372 /* Release */,
			);
			defaultConfigurationIsVisible = 0;
			defaultConfigurationName = Release;
		};
		9072D8C11D7022EF009CF372 /* Build configuration list for PBXNativeTarget "MobilizeBoxEditor" */ = {
			isa = XCConfigurationList;
			buildConfigurations = (
				9072D8C21D7022EF009CF372 /* Debug */,
				9072D8C31D7022EF009CF372 /* Release */,
			);
			defaultConfigurationIsVisible = 0;
			defaultConfigurationName = Release;
		};
		9072D8C41D7022EF009CF372 /* Build configuration list for PBXNativeTarget "MobilizeBoxEditorTests" */ = {
			isa = XCConfigurationList;
			buildConfigurations = (
				9072D8C51D7022EF009CF372 /* Debug */,
				9072D8C61D7022EF009CF372 /* Release */,
			);
			defaultConfigurationIsVisible = 0;
			defaultConfigurationName = Release;
		};
/* End XCConfigurationList section */
	};
	rootObject = 9072D89C1D7022EF009CF372 /* Project object */;
}
